
Microsoft Visual Studio Solution File, Format Version 12.00
# Visual Studio Version 16
VisualStudioVersion = 16.0.37027.11
MinimumVisualStudioVersion = 10.0.40219.1
Project("{FAE04EC0-301F-11D3-BF4B-00C04F79EFBC}") = "AlwaysRestock", "AlwaysRestock.csproj", "{C4EA3195-F8D5-441B-BE04-7B8AC09C47C2}"
EndProject
Global
	GlobalSection(SolutionConfigurationPlatforms) = preSolution
		Debug|Any CPU = Debug|Any CPU
		Release|Any CPU = Release|Any CPU
	EndGlobalSection
	GlobalSection(ProjectConfigurationPlatforms) = postSolution
		{C4EA3195-F8D5-441B-BE04-7B8AC09C47C2}.Debug|Any CPU.ActiveCfg = Debug|Any CPU
		{C4EA3195-F8D5-441B-BE04-7B8AC09C47C2}.Debug|Any CPU.Build.0 = Debug|Any CPU
		{C4EA3195-F8D5-441B-BE04-7B8AC09C47C2}.Release|Any CPU.ActiveCfg = Release|Any CPU
		{C4EA3195-F8D5-441B-BE04-7B8AC09C47C2}.Release|Any CPU.Build.0 = Release|Any CPU
	EndGlobalSection
	GlobalSection(SolutionProperties) = preSolution
		HideSolutionNode = FALSE
	EndGlobalSection
	GlobalSection(ExtensibilityGlobals) = postSolution
		SolutionGuid = {4FC6C8C9-53F6-404B-8028-2BE6FA95BF40}
	EndGlobalSection
EndGlobal
